
Microsoft Visual Studio Solution File, Format Version 12.00
# Visual Studio Version 17
VisualStudioVersion = 17.9.34723.18
MinimumVisualStudioVersion = 10.0.40219.1
Project("{FAE04EC0-301F-11D3-BF4B-00C04F79EFBC}") = "ConsultorioAPI", "ConsultorioAPI\ConsultorioAPI.csproj", "{B76EE2CA-DA6A-4022-A8D3-14AEB080E115}"
EndProject
Global
	GlobalSection(SolutionConfigurationPlatforms) = preSolution
		Debug|Any CPU = Debug|Any CPU
		Release|Any CPU = Release|Any CPU
	EndGlobalSection
	GlobalSection(ProjectConfigurationPlatforms) = postSolution
		{B76EE2CA-DA6A-4022-A8D3-14AEB080E115}.Debug|Any CPU.ActiveCfg = Debug|Any CPU
		{B76EE2CA-DA6A-4022-A8D3-14AEB080E115}.Debug|Any CPU.Build.0 = Debug|Any CPU
		{B76EE2CA-DA6A-4022-A8D3-14AEB080E115}.Release|Any CPU.ActiveCfg = Release|Any CPU
		{B76EE2CA-DA6A-4022-A8D3-14AEB080E115}.Release|Any CPU.Build.0 = Release|Any CPU
	EndGlobalSection
	GlobalSection(SolutionProperties) = preSolution
		HideSolutionNode = FALSE
	EndGlobalSection
	GlobalSection(ExtensibilityGlobals) = postSolution
		SolutionGuid = {589210A3-B1B8-4FFC-AC29-099D67D1B421}
	EndGlobalSection
EndGlobal
